
Microsoft Visual Studio Solution File, Format Version 12.00
# Visual Studio Version 17
VisualStudioVersion = 17.4.33213.308
MinimumVisualStudioVersion = 10.0.40219.1
Project("{FAE04EC0-301F-11D3-BF4B-00C04F79EFBC}") = "Module05_Exercise01.Android", "Module05_Exercise01\Module05_Exercise01.Android\Module05_Exercise01.Android.csproj", "{C5F0F611-C098-4078-9C35-B1F7863492FB}"
EndProject
Project("{FAE04EC0-301F-11D3-BF4B-00C04F79EFBC}") = "Module05_Exercise01", "Module05_Exercise01\Module05_Exercise01\Module05_Exercise01.csproj", "{8E521092-F722-4532-A46F-38BB14ADAD43}"
EndProject
Global
	GlobalSection(SolutionConfigurationPlatforms) = preSolution
		Debug|Any CPU = Debug|Any CPU
		Release|Any CPU = Release|Any CPU
	EndGlobalSection
	GlobalSection(ProjectConfigurationPlatforms) = postSolution
		{C5F0F611-C098-4078-9C35-B1F7863492FB}.Debug|Any CPU.ActiveCfg = Debug|Any CPU
		{C5F0F611-C098-4078-9C35-B1F7863492FB}.Debug|Any CPU.Build.0 = Debug|Any CPU
		{C5F0F611-C098-4078-9C35-B1F7863492FB}.Debug|Any CPU.Deploy.0 = Debug|Any CPU
		{C5F0F611-C098-4078-9C35-B1F7863492FB}.Release|Any CPU.ActiveCfg = Release|Any CPU
		{C5F0F611-C098-4078-9C35-B1F7863492FB}.Release|Any CPU.Build.0 = Release|Any CPU
		{C5F0F611-C098-4078-9C35-B1F7863492FB}.Release|Any CPU.Deploy.0 = Release|Any CPU
		{8E521092-F722-4532-A46F-38BB14ADAD43}.Debug|Any CPU.ActiveCfg = Debug|Any CPU
		{8E521092-F722-4532-A46F-38BB14ADAD43}.Debug|Any CPU.Build.0 = Debug|Any CPU
		{8E521092-F722-4532-A46F-38BB14ADAD43}.Debug|Any CPU.Deploy.0 = Debug|Any CPU
		{8E521092-F722-4532-A46F-38BB14ADAD43}.Release|Any CPU.ActiveCfg = Release|Any CPU
		{8E521092-F722-4532-A46F-38BB14ADAD43}.Release|Any CPU.Build.0 = Release|Any CPU
		{8E521092-F722-4532-A46F-38BB14ADAD43}.Release|Any CPU.Deploy.0 = Release|Any CPU
	EndGlobalSection
	GlobalSection(SolutionProperties) = preSolution
		HideSolutionNode = FALSE
	EndGlobalSection
	GlobalSection(ExtensibilityGlobals) = postSolution
		SolutionGuid = {3515A1FE-6E3D-402C-BB43-C9A23B3CAED0}
	EndGlobalSection
EndGlobal
